// !$*UTF8*$!
{
	archiveVersion = 1;
	classes = {
	};
	objectVersion = 50;
	objects = {

/* Begin PBXBuildFile section */
		2059B210734846B6CB287CF2 /* Pods_Clock_Style.framework in Frameworks */ = {isa = PBXBuildFile; fileRef = BB6DA7ACCBBB7773249A2248 /* Pods_Clock_Style.framework */; };
		6540146A20A6119A00224714 /* AppDelegate.swift in Sources */ = {isa = PBXBuildFile; fileRef = 6540146920A6119A00224714 /* AppDelegate.swift */; };
		6540146C20A6119A00224714 /* ClockController.swift in Sources */ = {isa = PBXBuildFile; fileRef = 6540146B20A6119A00224714 /* ClockController.swift */; };
		6540146F20A6119A00224714 /* Main.storyboard in Resources */ = {isa = PBXBuildFile; fileRef = 6540146D20A6119A00224714 /* Main.storyboard */; };
		6540147120A6119B00224714 /* Assets.xcassets in Resources */ = {isa = PBXBuildFile; fileRef = 6540147020A6119B00224714 /* Assets.xcassets */; };
		656C69C120E41FB7004E9C8A /* LanguageController.swift in Sources */ = {isa = PBXBuildFile; fileRef = 656C69C020E41FB7004E9C8A /* LanguageController.swift */; };
		6582C5FB20CEEE70008F2749 /* DS-Digital.ttf in Resources */ = {isa = PBXBuildFile; fileRef = 6582C5FA20CEEE47008F2749 /* DS-Digital.ttf */; };
		6582C5FD20CEF475008F2749 /* lcddot.ttf in Resources */ = {isa = PBXBuildFile; fileRef = 6582C5FC20CEF474008F2749 /* lcddot.ttf */; };
		659B921220CB205800F0F3D2 /* Orbitron-Bold.ttf in Resources */ = {isa = PBXBuildFile; fileRef = 659B921020CB1FDE00F0F3D2 /* Orbitron-Bold.ttf */; };
		659B921320CB205800F0F3D2 /* NeonTubes2.otf in Resources */ = {isa = PBXBuildFile; fileRef = 659B920E20CB1FBA00F0F3D2 /* NeonTubes2.otf */; };
		65AEDF1B20D4770000693E5B /* SettingsController_OLD.swift in Sources */ = {isa = PBXBuildFile; fileRef = 65AEDF1A20D4770000693E5B /* SettingsController_OLD.swift */; };
		65B6207F20E29F4100E42609 /* StyleController.swift in Sources */ = {isa = PBXBuildFile; fileRef = 65B6207E20E29F4100E42609 /* StyleController.swift */; };
		65B6208B20E2A30D00E42609 /* CatalogueTableViewCell.swift in Sources */ = {isa = PBXBuildFile; fileRef = 65B6208A20E2A30D00E42609 /* CatalogueTableViewCell.swift */; };
		65B6208D20E2A32400E42609 /* CatalogueCollectionViewCell.swift in Sources */ = {isa = PBXBuildFile; fileRef = 65B6208C20E2A32400E42609 /* CatalogueCollectionViewCell.swift */; };
/* End PBXBuildFile section */

/* Begin PBXFileReference section */
		09DB78493098CCF229271975 /* Pods-Clock Style.release.xcconfig */ = {isa = PBXFileReference; includeInIndex = 1; lastKnownFileType = text.xcconfig; name = "Pods-Clock Style.release.xcconfig"; path = "Pods/Target Support Files/Pods-Clock Style/Pods-Clock Style.release.xcconfig"; sourceTree = "<group>"; };
		49AE83EA4F96AA36F602845C /* Pods-Clock Style.debug.xcconfig */ = {isa = PBXFileReference; includeInIndex = 1; lastKnownFileType = text.xcconfig; name = "Pods-Clock Style.debug.xcconfig"; path = "Pods/Target Support Files/Pods-Clock Style/Pods-Clock Style.debug.xcconfig"; sourceTree = "<group>"; };
		6540146620A6119A00224714 /* Clock Style.app */ = {isa = PBXFileReference; explicitFileType = wrapper.application; includeInIndex = 0; path = "Clock Style.app"; sourceTree = BUILT_PRODUCTS_DIR; };
		6540146920A6119A00224714 /* AppDelegate.swift */ = {isa = PBXFileReference; lastKnownFileType = sourcecode.swift; path = AppDelegate.swift; sourceTree = "<group>"; };
		6540146B20A6119A00224714 /* ClockController.swift */ = {isa = PBXFileReference; lastKnownFileType = sourcecode.swift; path = ClockController.swift; sourceTree = "<group>"; };
		6540146E20A6119A00224714 /* Base */ = {isa = PBXFileReference; lastKnownFileType = file.storyboard; name = Base; path = Base.lproj/Main.storyboard; sourceTree = "<group>"; };
		6540147020A6119B00224714 /* Assets.xcassets */ = {isa = PBXFileReference; lastKnownFileType = folder.assetcatalog; path = Assets.xcassets; sourceTree = "<group>"; };
		6540147220A6119B00224714 /* Info.plist */ = {isa = PBXFileReference; lastKnownFileType = text.plist.xml; name = Info.plist; path = "Clock Style/Supporting Files/Info.plist"; sourceTree = SOURCE_ROOT; };
		656C69C020E41FB7004E9C8A /* LanguageController.swift */ = {isa = PBXFileReference; lastKnownFileType = sourcecode.swift; path = LanguageController.swift; sourceTree = "<group>"; };
		6582C5FA20CEEE47008F2749 /* DS-Digital.ttf */ = {isa = PBXFileReference; lastKnownFileType = file; path = "DS-Digital.ttf"; sourceTree = "<group>"; };
		6582C5FC20CEF474008F2749 /* lcddot.ttf */ = {isa = PBXFileReference; lastKnownFileType = file; path = lcddot.ttf; sourceTree = "<group>"; };
		659B920E20CB1FBA00F0F3D2 /* NeonTubes2.otf */ = {isa = PBXFileReference; lastKnownFileType = file; name = NeonTubes2.otf; path = ../../../NeonTubes2.otf; sourceTree = "<group>"; };
		659B921020CB1FDE00F0F3D2 /* Orbitron-Bold.ttf */ = {isa = PBXFileReference; lastKnownFileType = file; name = "Orbitron-Bold.ttf"; path = "../../../Orbitron-Bold.ttf"; sourceTree = "<group>"; };
		65AEDF1A20D4770000693E5B /* SettingsController_OLD.swift */ = {isa = PBXFileReference; lastKnownFileType = sourcecode.swift; path = SettingsController_OLD.swift; sourceTree = "<group>"; };
		65B6207E20E29F4100E42609 /* StyleController.swift */ = {isa = PBXFileReference; lastKnownFileType = sourcecode.swift; path = StyleController.swift; sourceTree = "<group>"; };
		65B6208A20E2A30D00E42609 /* CatalogueTableViewCell.swift */ = {isa = PBXFileReference; lastKnownFileType = sourcecode.swift; path = CatalogueTableViewCell.swift; sourceTree = "<group>"; };
		65B6208C20E2A32400E42609 /* CatalogueCollectionViewCell.swift */ = {isa = PBXFileReference; lastKnownFileType = sourcecode.swift; path = CatalogueCollectionViewCell.swift; sourceTree = "<group>"; };
		BB6DA7ACCBBB7773249A2248 /* Pods_Clock_Style.framework */ = {isa = PBXFileReference; explicitFileType = wrapper.framework; includeInIndex = 0; path = Pods_Clock_Style.framework; sourceTree = BUILT_PRODUCTS_DIR; };
/* End PBXFileReference section */

/* Begin PBXFrameworksBuildPhase section */
		6540146320A6119900224714 /* Frameworks */ = {
			isa = PBXFrameworksBuildPhase;
			buildActionMask = 2147483647;
			files = (
				2059B210734846B6CB287CF2 /* Pods_Clock_Style.framework in Frameworks */,
			);
			runOnlyForDeploymentPostprocessing = 0;
		};
/* End PBXFrameworksBuildPhase section */

/* Begin PBXGroup section */
		21D34EF46CF48EF321F1CB3C /* Pods */ = {
			isa = PBXGroup;
			children = (
				49AE83EA4F96AA36F602845C /* Pods-Clock Style.debug.xcconfig */,
				09DB78493098CCF229271975 /* Pods-Clock Style.release.xcconfig */,
			);
			name = Pods;
			sourceTree = "<group>";
		};
		60C0EDD843F905CB86419486 /* Frameworks */ = {
			isa = PBXGroup;
			children = (
				BB6DA7ACCBBB7773249A2248 /* Pods_Clock_Style.framework */,
			);
			name = Frameworks;
			sourceTree = "<group>";
		};
		6540145D20A6119900224714 = {
			isa = PBXGroup;
			children = (
				6540146820A6119A00224714 /* Clock Style */,
				6540146720A6119A00224714 /* Products */,
				21D34EF46CF48EF321F1CB3C /* Pods */,
				60C0EDD843F905CB86419486 /* Frameworks */,
			);
			sourceTree = "<group>";
		};
		6540146720A6119A00224714 /* Products */ = {
			isa = PBXGroup;
			children = (
				6540146620A6119A00224714 /* Clock Style.app */,
			);
			name = Products;
			sourceTree = "<group>";
		};
		6540146820A6119A00224714 /* Clock Style */ = {
			isa = PBXGroup;
			children = (
				6540146920A6119A00224714 /* AppDelegate.swift */,
				65F50A8D20C9EACB00DFD17B /* View */,
				65F50A8C20C9EAAE00DFD17B /* Controllers */,
				65535DB820C8FC4000E2D6D1 /* Supporting Files */,
			);
			path = "Clock Style";
			sourceTree = "<group>";
		};
		65535DB820C8FC4000E2D6D1 /* Supporting Files */ = {
			isa = PBXGroup;
			children = (
				65535DB920C8FC5100E2D6D1 /* Fonts */,
				6540147220A6119B00224714 /* Info.plist */,
				6540147020A6119B00224714 /* Assets.xcassets */,
				65B6208A20E2A30D00E42609 /* CatalogueTableViewCell.swift */,
				65B6208C20E2A32400E42609 /* CatalogueCollectionViewCell.swift */,
			);
			path = "Supporting Files";
			sourceTree = "<group>";
		};
		65535DB920C8FC5100E2D6D1 /* Fonts */ = {
			isa = PBXGroup;
			children = (
				6582C5FA20CEEE47008F2749 /* DS-Digital.ttf */,
				6582C5FC20CEF474008F2749 /* lcddot.ttf */,
				659B920E20CB1FBA00F0F3D2 /* NeonTubes2.otf */,
				659B921020CB1FDE00F0F3D2 /* Orbitron-Bold.ttf */,
			);
			path = Fonts;
			sourceTree = "<group>";
		};
		65F50A8C20C9EAAE00DFD17B /* Controllers */ = {
			isa = PBXGroup;
			children = (
				6540146B20A6119A00224714 /* ClockController.swift */,
				65AEDF1A20D4770000693E5B /* SettingsController_OLD.swift */,
				65B6207E20E29F4100E42609 /* StyleController.swift */,
				656C69C020E41FB7004E9C8A /* LanguageController.swift */,
			);
			path = Controllers;
			sourceTree = "<group>";
		};
		65F50A8D20C9EACB00DFD17B /* View */ = {
			isa = PBXGroup;
			children = (
				6540146D20A6119A00224714 /* Main.storyboard */,
			);
			path = View;
			sourceTree = "<group>";
		};
/* End PBXGroup section */

/* Begin PBXNativeTarget section */
		6540146520A6119900224714 /* Clock Style */ = {
			isa = PBXNativeTarget;
			buildConfigurationList = 6540147520A6119B00224714 /* Build configuration list for PBXNativeTarget "Clock Style" */;
			buildPhases = (
				76171BEB9E280CDE3E3FB790 /* [CP] Check Pods Manifest.lock */,
				6540146220A6119900224714 /* Sources */,
				6540146320A6119900224714 /* Frameworks */,
				6540146420A6119900224714 /* Resources */,
				2692479C8269B960463D089D /* [CP] Embed Pods Frameworks */,
			);
			buildRules = (
			);
			dependencies = (
			);
			name = "Clock Style";
			productName = "Clock Test";
			productReference = 6540146620A6119A00224714 /* Clock Style.app */;
			productType = "com.apple.product-type.application";
		};
/* End PBXNativeTarget section */

/* Begin PBXProject section */
		6540145E20A6119900224714 /* Project object */ = {
			isa = PBXProject;
			attributes = {
				LastSwiftUpdateCheck = 0930;
				LastUpgradeCheck = 0930;
				ORGANIZATIONNAME = "Kevin Sawicke";
				TargetAttributes = {
					6540146520A6119900224714 = {
						CreatedOnToolsVersion = 9.3;
						LastSwiftMigration = 0940;
					};
				};
			};
			buildConfigurationList = 6540146120A6119900224714 /* Build configuration list for PBXProject "Clock Style" */;
			compatibilityVersion = "Xcode 9.3";
			developmentRegion = en;
			hasScannedForEncodings = 0;
			knownRegions = (
				en,
				Base,
			);
			mainGroup = 6540145D20A6119900224714;
			productRefGroup = 6540146720A6119A00224714 /* Products */;
			projectDirPath = "";
			projectRoot = "";
			targets = (
				6540146520A6119900224714 /* Clock Style */,
			);
		};
/* End PBXProject section */

/* Begin PBXResourcesBuildPhase section */
		6540146420A6119900224714 /* Resources */ = {
			isa = PBXResourcesBuildPhase;
			buildActionMask = 2147483647;
			files = (
				6582C5FB20CEEE70008F2749 /* DS-Digital.ttf in Resources */,
				659B921220CB205800F0F3D2 /* Orbitron-Bold.ttf in Resources */,
				659B921320CB205800F0F3D2 /* NeonTubes2.otf in Resources */,
				6540147120A6119B00224714 /* Assets.xcassets in Resources */,
				6582C5FD20CEF475008F2749 /* lcddot.ttf in Resources */,
				6540146F20A6119A00224714 /* Main.storyboard in Resources */,
			);
			runOnlyForDeploymentPostprocessing = 0;
		};
/* End PBXResourcesBuildPhase section */

/* Begin PBXShellScriptBuildPhase section */
		2692479C8269B960463D089D /* [CP] Embed Pods Frameworks */ = {
			isa = PBXShellScriptBuildPhase;
			buildActionMask = 2147483647;
			files = (
			);
			inputPaths = (
				"${SRCROOT}/Pods/Target Support Files/Pods-Clock Style/Pods-Clock Style-frameworks.sh",
				"${BUILT_PRODUCTS_DIR}/JGProgressHUD/JGProgressHUD.framework",
			);
			name = "[CP] Embed Pods Frameworks";
			outputPaths = (
				"${TARGET_BUILD_DIR}/${FRAMEWORKS_FOLDER_PATH}/JGProgressHUD.framework",
			);
			runOnlyForDeploymentPostprocessing = 0;
			shellPath = /bin/sh;
			shellScript = "\"${SRCROOT}/Pods/Target Support Files/Pods-Clock Style/Pods-Clock Style-frameworks.sh\"\n";
			showEnvVarsInLog = 0;
		};
		76171BEB9E280CDE3E3FB790 /* [CP] Check Pods Manifest.lock */ = {
			isa = PBXShellScriptBuildPhase;
			buildActionMask = 2147483647;
			files = (
			);
			inputPaths = (
				"${PODS_PODFILE_DIR_PATH}/Podfile.lock",
				"${PODS_ROOT}/Manifest.lock",
			);
			name = "[CP] Check Pods Manifest.lock";
			outputPaths = (
				"$(DERIVED_FILE_DIR)/Pods-Clock Style-checkManifestLockResult.txt",
			);
			runOnlyForDeploymentPostprocessing = 0;
			shellPath = /bin/sh;
			shellScript = "diff \"${PODS_PODFILE_DIR_PATH}/Podfile.lock\" \"${PODS_ROOT}/Manifest.lock\" > /dev/null\nif [ $? != 0 ] ; then\n    # print error to STDERR\n    echo \"error: The sandbox is not in sync with the Podfile.lock. Run 'pod install' or update your CocoaPods installation.\" >&2\n    exit 1\nfi\n# This output is used by Xcode 'outputs' to avoid re-running this script phase.\necho \"SUCCESS\" > \"${SCRIPT_OUTPUT_FILE_0}\"\n";
			showEnvVarsInLog = 0;
		};
/* End PBXShellScriptBuildPhase section */

/* Begin PBXSourcesBuildPhase section */
		6540146220A6119900224714 /* Sources */ = {
			isa = PBXSourcesBuildPhase;
			buildActionMask = 2147483647;
			files = (
				656C69C120E41FB7004E9C8A /* LanguageController.swift in Sources */,
				65B6207F20E29F4100E42609 /* StyleController.swift in Sources */,
				65B6208B20E2A30D00E42609 /* CatalogueTableViewCell.swift in Sources */,
				65AEDF1B20D4770000693E5B /* SettingsController_OLD.swift in Sources */,
				6540146C20A6119A00224714 /* ClockController.swift in Sources */,
				65B6208D20E2A32400E42609 /* CatalogueCollectionViewCell.swift in Sources */,
				6540146A20A6119A00224714 /* AppDelegate.swift in Sources */,
			);
			runOnlyForDeploymentPostprocessing = 0;
		};
/* End PBXSourcesBuildPhase section */

/* Begin PBXVariantGroup section */
		6540146D20A6119A00224714 /* Main.storyboard */ = {
			isa = PBXVariantGroup;
			children = (
				6540146E20A6119A00224714 /* Base */,
			);
			name = Main.storyboard;
			sourceTree = "<group>";
		};
/* End PBXVariantGroup section */

/* Begin XCBuildConfiguration section */
		6540147320A6119B00224714 /* Debug */ = {
			isa = XCBuildConfiguration;
			buildSettings = {
				ALWAYS_SEARCH_USER_PATHS = NO;
				CLANG_ANALYZER_NONNULL = YES;
				CLANG_ANALYZER_NUMBER_OBJECT_CONVERSION = YES_AGGRESSIVE;
				CLANG_CXX_LANGUAGE_STANDARD = "gnu++14";
				CLANG_CXX_LIBRARY = "libc++";
				CLANG_ENABLE_MODULES = YES;
				CLANG_ENABLE_OBJC_ARC = YES;
				CLANG_ENABLE_OBJC_WEAK = YES;
				CLANG_WARN_BLOCK_CAPTURE_AUTORELEASING = YES;
				CLANG_WARN_BOOL_CONVERSION = YES;
				CLANG_WARN_COMMA = YES;
				CLANG_WARN_CONSTANT_CONVERSION = YES;
				CLANG_WARN_DEPRECATED_OBJC_IMPLEMENTATIONS = YES;
				CLANG_WARN_DIRECT_OBJC_ISA_USAGE = YES_ERROR;
				CLANG_WARN_DOCUMENTATION_COMMENTS = YES;
				CLANG_WARN_EMPTY_BODY = YES;
				CLANG_WARN_ENUM_CONVERSION = YES;
				CLANG_WARN_INFINITE_RECURSION = YES;
				CLANG_WARN_INT_CONVERSION = YES;
				CLANG_WARN_NON_LITERAL_NULL_CONVERSION = YES;
				CLANG_WARN_OBJC_IMPLICIT_RETAIN_SELF = YES;
				CLANG_WARN_OBJC_LITERAL_CONVERSION = YES;
				CLANG_WARN_OBJC_ROOT_CLASS = YES_ERROR;
				CLANG_WARN_RANGE_LOOP_ANALYSIS = YES;
				CLANG_WARN_STRICT_PROTOTYPES = YES;
				CLANG_WARN_SUSPICIOUS_MOVE = YES;
				CLANG_WARN_UNGUARDED_AVAILABILITY = YES_AGGRESSIVE;
				CLANG_WARN_UNREACHABLE_CODE = YES;
				CLANG_WARN__DUPLICATE_METHOD_MATCH = YES;
				COPY_PHASE_STRIP = NO;
				DEBUG_INFORMATION_FORMAT = dwarf;
				ENABLE_STRICT_OBJC_MSGSEND = YES;
				ENABLE_TESTABILITY = YES;
				GCC_C_LANGUAGE_STANDARD = gnu11;
				GCC_DYNAMIC_NO_PIC = NO;
				GCC_NO_COMMON_BLOCKS = YES;
				GCC_OPTIMIZATION_LEVEL = 0;
				GCC_PREPROCESSOR_DEFINITIONS = (
					"DEBUG=1",
					"$(inherited)",
				);
				GCC_WARN_64_TO_32_BIT_CONVERSION = YES;
				GCC_WARN_ABOUT_RETURN_TYPE = YES_ERROR;
				GCC_WARN_UNDECLARED_SELECTOR = YES;
				GCC_WARN_UNINITIALIZED_AUTOS = YES_AGGRESSIVE;
				GCC_WARN_UNUSED_FUNCTION = YES;
				GCC_WARN_UNUSED_VARIABLE = YES;
				MTL_ENABLE_DEBUG_INFO = YES;
				ONLY_ACTIVE_ARCH = YES;
				SDKROOT = appletvos;
				SWIFT_ACTIVE_COMPILATION_CONDITIONS = DEBUG;
				SWIFT_OPTIMIZATION_LEVEL = "-Onone";
				TVOS_DEPLOYMENT_TARGET = 11.3;
			};
			name = Debug;
		};
		6540147420A6119B00224714 /* Release */ = {
			isa = XCBuildConfiguration;
			buildSettings = {
				ALWAYS_SEARCH_USER_PATHS = NO;
				CLANG_ANALYZER_NONNULL = YES;
				CLANG_ANALYZER_NUMBER_OBJECT_CONVERSION = YES_AGGRESSIVE;
				CLANG_CXX_LANGUAGE_STANDARD = "gnu++14";
				CLANG_CXX_LIBRARY = "libc++";
				CLANG_ENABLE_MODULES = YES;
				CLANG_ENABLE_OBJC_ARC = YES;
				CLANG_ENABLE_OBJC_WEAK = YES;
				CLANG_WARN_BLOCK_CAPTURE_AUTORELEASING = YES;
				CLANG_WARN_BOOL_CONVERSION = YES;
				CLANG_WARN_COMMA = YES;
				CLANG_WARN_CONSTANT_CONVERSION = YES;
				CLANG_WARN_DEPRECATED_OBJC_IMPLEMENTATIONS = YES;
				CLANG_WARN_DIRECT_OBJC_ISA_USAGE = YES_ERROR;
				CLANG_WARN_DOCUMENTATION_COMMENTS = YES;
				CLANG_WARN_EMPTY_BODY = YES;
				CLANG_WARN_ENUM_CONVERSION = YES;
				CLANG_WARN_INFINITE_RECURSION = YES;
				CLANG_WARN_INT_CONVERSION = YES;
				CLANG_WARN_NON_LITERAL_NULL_CONVERSION = YES;
				CLANG_WARN_OBJC_IMPLICIT_RETAIN_SELF = YES;
				CLANG_WARN_OBJC_LITERAL_CONVERSION = YES;
				CLANG_WARN_OBJC_ROOT_CLASS = YES_ERROR;
				CLANG_WARN_RANGE_LOOP_ANALYSIS = YES;
				CLANG_WARN_STRICT_PROTOTYPES = YES;
				CLANG_WARN_SUSPICIOUS_MOVE = YES;
				CLANG_WARN_UNGUARDED_AVAILABILITY = YES_AGGRESSIVE;
				CLANG_WARN_UNREACHABLE_CODE = YES;
				CLANG_WARN__DUPLICATE_METHOD_MATCH = YES;
				COPY_PHASE_STRIP = NO;
				DEBUG_INFORMATION_FORMAT = "dwarf-with-dsym";
				ENABLE_NS_ASSERTIONS = NO;
				ENABLE_STRICT_OBJC_MSGSEND = YES;
				GCC_C_LANGUAGE_STANDARD = gnu11;
				GCC_NO_COMMON_BLOCKS = YES;
				GCC_WARN_64_TO_32_BIT_CONVERSION = YES;
				GCC_WARN_ABOUT_RETURN_TYPE = YES_ERROR;
				GCC_WARN_UNDECLARED_SELECTOR = YES;
				GCC_WARN_UNINITIALIZED_AUTOS = YES_AGGRESSIVE;
				GCC_WARN_UNUSED_FUNCTION = YES;
				GCC_WARN_UNUSED_VARIABLE = YES;
				MTL_ENABLE_DEBUG_INFO = NO;
				SDKROOT = appletvos;
				SWIFT_COMPILATION_MODE = wholemodule;
				SWIFT_OPTIMIZATION_LEVEL = "-O";
				TVOS_DEPLOYMENT_TARGET = 11.3;
				VALIDATE_PRODUCT = YES;
			};
			name = Release;
		};
		6540147620A6119B00224714 /* Debug */ = {
			isa = XCBuildConfiguration;
			baseConfigurationReference = 49AE83EA4F96AA36F602845C /* Pods-Clock Style.debug.xcconfig */;
			buildSettings = {
				ASSETCATALOG_COMPILER_APPICON_NAME = "App Icon & Top Shelf Image";
				CLANG_ENABLE_MODULES = YES;
				CODE_SIGN_IDENTITY = "iPhone Developer";
				CODE_SIGN_STYLE = Automatic;
				DEVELOPMENT_TEAM = MPL4JS8WQN;
				INFOPLIST_FILE = "$(SRCROOT)/Clock Style/Supporting Files/Info.plist";
				LD_RUNPATH_SEARCH_PATHS = (
					"$(inherited)",
					"@executable_path/Frameworks",
				);
				PRODUCT_BUNDLE_IDENTIFIER = "com.rinconmountaintech.rmt-clockstyle";
				PRODUCT_NAME = "$(TARGET_NAME)";
				PROVISIONING_PROFILE_SPECIFIER = "";
				SWIFT_OPTIMIZATION_LEVEL = "-Onone";
				SWIFT_VERSION = 4.0;
				TARGETED_DEVICE_FAMILY = 3;
			};
			name = Debug;
		};
		6540147720A6119B00224714 /* Release */ = {
			isa = XCBuildConfiguration;
			baseConfigurationReference = 09DB78493098CCF229271975 /* Pods-Clock Style.release.xcconfig */;
			buildSettings = {
				ASSETCATALOG_COMPILER_APPICON_NAME = "App Icon & Top Shelf Image";
				CLANG_ENABLE_MODULES = YES;
				CODE_SIGN_IDENTITY = "iPhone Developer";
				CODE_SIGN_STYLE = Automatic;
				DEVELOPMENT_TEAM = MPL4JS8WQN;
				INFOPLIST_FILE = "$(SRCROOT)/Clock Style/Supporting Files/Info.plist";
				LD_RUNPATH_SEARCH_PATHS = (
					"$(inherited)",
					"@executable_path/Frameworks",
				);
				PRODUCT_BUNDLE_IDENTIFIER = "com.rinconmountaintech.rmt-clockstyle";
				PRODUCT_NAME = "$(TARGET_NAME)";
				PROVISIONING_PROFILE_SPECIFIER = "";
				SWIFT_VERSION = 4.0;
				TARGETED_DEVICE_FAMILY = 3;
			};
			name = Release;
		};
/* End XCBuildConfiguration section */

/* Begin XCConfigurationList section */
		6540146120A6119900224714 /* Build configuration list for PBXProject "Clock Style" */ = {
			isa = XCConfigurationList;
			buildConfigurations = (
				6540147320A6119B00224714 /* Debug */,
				6540147420A6119B00224714 /* Release */,
			);
			defaultConfigurationIsVisible = 0;
			defaultConfigurationName = Release;
		};
		6540147520A6119B00224714 /* Build configuration list for PBXNativeTarget "Clock Style" */ = {
			isa = XCConfigurationList;
			buildConfigurations = (
				6540147620A6119B00224714 /* Debug */,
				6540147720A6119B00224714 /* Release */,
			);
			defaultConfigurationIsVisible = 0;
			defaultConfigurationName = Release;
		};
/* End XCConfigurationList section */
	};
	rootObject = 6540145E20A6119900224714 /* Project object */;
}
